
Microsoft Visual Studio Solution File, Format Version 12.00
# Visual Studio Version 17
VisualStudioVersion = 17.3.32929.385
MinimumVisualStudioVersion = 10.0.40219.1
Project("{FAE04EC0-301F-11D3-BF4B-00C04F79EFBC}") = "Api", "Api\Api.csproj", "{D9CD37D1-CF9A-4E9A-AA68-5ACD6A220A69}"
EndProject
Global
	GlobalSection(SolutionConfigurationPlatforms) = preSolution
		Debug|Any CPU = Debug|Any CPU
		Release|Any CPU = Release|Any CPU
	EndGlobalSection
	GlobalSection(ProjectConfigurationPlatforms) = postSolution
		{D9CD37D1-CF9A-4E9A-AA68-5ACD6A220A69}.Debug|Any CPU.ActiveCfg = Debug|Any CPU
		{D9CD37D1-CF9A-4E9A-AA68-5ACD6A220A69}.Debug|Any CPU.Build.0 = Debug|Any CPU
		{D9CD37D1-CF9A-4E9A-AA68-5ACD6A220A69}.Release|Any CPU.ActiveCfg = Release|Any CPU
		{D9CD37D1-CF9A-4E9A-AA68-5ACD6A220A69}.Release|Any CPU.Build.0 = Release|Any CPU
	EndGlobalSection
	GlobalSection(SolutionProperties) = preSolution
		HideSolutionNode = FALSE
	EndGlobalSection
	GlobalSection(ExtensibilityGlobals) = postSolution
		SolutionGuid = {862C005C-2AAF-4F01-BDB0-813CADCC7C84}
	EndGlobalSection
EndGlobal
